
Microsoft Visual Studio Solution File, Format Version 12.00
# Visual Studio Version 17
VisualStudioVersion = 17.3.32819.101
MinimumVisualStudioVersion = 10.0.40219.1
Project("{FAE04EC0-301F-11D3-BF4B-00C04F79EFBC}") = "RAB_00_Orientation", "RAB_00_Orientation\RAB_00_Orientation.csproj", "{BB4F21FE-FE6F-4FCE-A0CD-197543F05DE4}"
EndProject
Global
	GlobalSection(SolutionConfigurationPlatforms) = preSolution
		Debug|Any CPU = Debug|Any CPU
		Release|Any CPU = Release|Any CPU
	EndGlobalSection
	GlobalSection(ProjectConfigurationPlatforms) = postSolution
		{BB4F21FE-FE6F-4FCE-A0CD-197543F05DE4}.Debug|Any CPU.ActiveCfg = Debug|Any CPU
		{BB4F21FE-FE6F-4FCE-A0CD-197543F05DE4}.Debug|Any CPU.Build.0 = Debug|Any CPU
		{BB4F21FE-FE6F-4FCE-A0CD-197543F05DE4}.Release|Any CPU.ActiveCfg = Release|Any CPU
		{BB4F21FE-FE6F-4FCE-A0CD-197543F05DE4}.Release|Any CPU.Build.0 = Release|Any CPU
	EndGlobalSection
	GlobalSection(SolutionProperties) = preSolution
		HideSolutionNode = FALSE
	EndGlobalSection
	GlobalSection(ExtensibilityGlobals) = postSolution
		SolutionGuid = {E073616D-2039-436F-B124-CBDB3C8393EF}
	EndGlobalSection
EndGlobal
